
Microsoft Visual Studio Solution File, Format Version 12.00
# Visual Studio Version 17
VisualStudioVersion = 17.13.35818.85 d17.13
MinimumVisualStudioVersion = 10.0.40219.1
Project("{FAE04EC0-301F-11D3-BF4B-00C04F79EFBC}") = "TP_MOD_02_103022300100_IRFAN RANGGA MIFTAHURRIZQI", "TP_MOD_02_103022300100_IRFAN RANGGA MIFTAHURRIZQI\TP_MOD_02_103022300100_IRFAN RANGGA MIFTAHURRIZQI.csproj", "{F6C06237-40C8-4C80-BA64-8321C715B3B0}"
EndProject
Global
	GlobalSection(SolutionConfigurationPlatforms) = preSolution
		Debug|Any CPU = Debug|Any CPU
		Release|Any CPU = Release|Any CPU
	EndGlobalSection
	GlobalSection(ProjectConfigurationPlatforms) = postSolution
		{F6C06237-40C8-4C80-BA64-8321C715B3B0}.Debug|Any CPU.ActiveCfg = Debug|Any CPU
		{F6C06237-40C8-4C80-BA64-8321C715B3B0}.Debug|Any CPU.Build.0 = Debug|Any CPU
		{F6C06237-40C8-4C80-BA64-8321C715B3B0}.Release|Any CPU.ActiveCfg = Release|Any CPU
		{F6C06237-40C8-4C80-BA64-8321C715B3B0}.Release|Any CPU.Build.0 = Release|Any CPU
	EndGlobalSection
	GlobalSection(SolutionProperties) = preSolution
		HideSolutionNode = FALSE
	EndGlobalSection
	GlobalSection(ExtensibilityGlobals) = postSolution
		SolutionGuid = {F12D1D70-9ABA-4EB8-9E2C-A60FE975A5BE}
	EndGlobalSection
EndGlobal
